
Microsoft Visual Studio Solution File, Format Version 12.00
# Visual Studio Version 16
VisualStudioVersion = 16.0.31729.503
MinimumVisualStudioVersion = 10.0.40219.1
Project("{FAE04EC0-301F-11D3-BF4B-00C04F79EFBC}") = "Facturation", "Facturation\Facturation.csproj", "{098B78E4-7E5A-449A-880B-9CC176DCFBA5}"
EndProject
Project("{FAE04EC0-301F-11D3-BF4B-00C04F79EFBC}") = "LibraryOfClass", "LibraryOfClass\LibraryOfClass.csproj", "{E74E15D7-8BE0-4953-9565-FC961B0FBA8F}"
EndProject
Global
	GlobalSection(SolutionConfigurationPlatforms) = preSolution
		Debug|Any CPU = Debug|Any CPU
		Release|Any CPU = Release|Any CPU
	EndGlobalSection
	GlobalSection(ProjectConfigurationPlatforms) = postSolution
		{098B78E4-7E5A-449A-880B-9CC176DCFBA5}.Debug|Any CPU.ActiveCfg = Debug|Any CPU
		{098B78E4-7E5A-449A-880B-9CC176DCFBA5}.Debug|Any CPU.Build.0 = Debug|Any CPU
		{098B78E4-7E5A-449A-880B-9CC176DCFBA5}.Release|Any CPU.ActiveCfg = Release|Any CPU
		{098B78E4-7E5A-449A-880B-9CC176DCFBA5}.Release|Any CPU.Build.0 = Release|Any CPU
		{E74E15D7-8BE0-4953-9565-FC961B0FBA8F}.Debug|Any CPU.ActiveCfg = Debug|Any CPU
		{E74E15D7-8BE0-4953-9565-FC961B0FBA8F}.Debug|Any CPU.Build.0 = Debug|Any CPU
		{E74E15D7-8BE0-4953-9565-FC961B0FBA8F}.Release|Any CPU.ActiveCfg = Release|Any CPU
		{E74E15D7-8BE0-4953-9565-FC961B0FBA8F}.Release|Any CPU.Build.0 = Release|Any CPU
	EndGlobalSection
	GlobalSection(SolutionProperties) = preSolution
		HideSolutionNode = FALSE
	EndGlobalSection
	GlobalSection(ExtensibilityGlobals) = postSolution
		SolutionGuid = {A39E97B4-71CF-464D-A8FE-F6E29C356D00}
	EndGlobalSection
EndGlobal
